
Microsoft Visual Studio Solution File, Format Version 12.00
# Visual Studio Version 17
VisualStudioVersion = 17.2.32616.157
MinimumVisualStudioVersion = 10.0.40219.1
Project("{FAE04EC0-301F-11D3-BF4B-00C04F79EFBC}") = "SortHashTableHashset", "SortHashTableHashset\SortHashTableHashset.csproj", "{115874EB-4ED6-4221-BA9D-EF6AA2225D0E}"
EndProject
Global
	GlobalSection(SolutionConfigurationPlatforms) = preSolution
		Debug|Any CPU = Debug|Any CPU
		Release|Any CPU = Release|Any CPU
	EndGlobalSection
	GlobalSection(ProjectConfigurationPlatforms) = postSolution
		{115874EB-4ED6-4221-BA9D-EF6AA2225D0E}.Debug|Any CPU.ActiveCfg = Debug|Any CPU
		{115874EB-4ED6-4221-BA9D-EF6AA2225D0E}.Debug|Any CPU.Build.0 = Debug|Any CPU
		{115874EB-4ED6-4221-BA9D-EF6AA2225D0E}.Release|Any CPU.ActiveCfg = Release|Any CPU
		{115874EB-4ED6-4221-BA9D-EF6AA2225D0E}.Release|Any CPU.Build.0 = Release|Any CPU
	EndGlobalSection
	GlobalSection(SolutionProperties) = preSolution
		HideSolutionNode = FALSE
	EndGlobalSection
	GlobalSection(ExtensibilityGlobals) = postSolution
		SolutionGuid = {841A1983-BB09-4D5E-ACE8-A8C39DE6663F}
	EndGlobalSection
EndGlobal
